
Microsoft Visual Studio Solution File, Format Version 12.00
# Visual Studio Version 17
VisualStudioVersion = 17.6.33815.320
MinimumVisualStudioVersion = 10.0.40219.1
Project("{FAE04EC0-301F-11D3-BF4B-00C04F79EFBC}") = "ModTemplate", "ModTemplate.csproj", "{B027CA84-428D-48A1-A468-27DB41D9A483}"
EndProject
Global
	GlobalSection(SolutionConfigurationPlatforms) = preSolution
		Debug|Any CPU = Debug|Any CPU
		Release|Any CPU = Release|Any CPU
	EndGlobalSection
	GlobalSection(ProjectConfigurationPlatforms) = postSolution
		{B027CA84-428D-48A1-A468-27DB41D9A483}.Debug|Any CPU.ActiveCfg = Debug|Any CPU
		{B027CA84-428D-48A1-A468-27DB41D9A483}.Debug|Any CPU.Build.0 = Debug|Any CPU
		{B027CA84-428D-48A1-A468-27DB41D9A483}.Release|Any CPU.ActiveCfg = Release|Any CPU
		{B027CA84-428D-48A1-A468-27DB41D9A483}.Release|Any CPU.Build.0 = Release|Any CPU
	EndGlobalSection
	GlobalSection(SolutionProperties) = preSolution
		HideSolutionNode = FALSE
	EndGlobalSection
	GlobalSection(ExtensibilityGlobals) = postSolution
		SolutionGuid = {A75C11CA-69CE-4AFB-8EE7-23BF8DEE8CB3}
	EndGlobalSection
EndGlobal
